<?xml version="1.0" encoding="utf-8"?>
<Project ToolsVersion="4.0" xmlns="http://schemas.microsoft.com/developer/msbuild/2003">
  <ItemGroup>
    <Filter Include="Source Files">
      <UniqueIdentifier>{4FC737F1-C7A5-4376-A066-2A32D752A2FF}</UniqueIdentifier>
      <Extensions>cpp;c;cc;cxx;def;odl;idl;hpj;bat;asm;asmx</Extensions>
    </Filter>
    <Filter Include="Header Files">
      <UniqueIdentifier>{93995380-89BD-4b04-88EB-625FBE52EBFB}</UniqueIdentifier>
      <Extensions>h;hh;hpp;hxx;hm;inl;inc;xsd</Extensions>
    </Filter>
    <Filter Include="Resource Files">
      <UniqueIdentifier>{67DA6AB6-F800-4c08-8B7A-83BB121AAD01}</UniqueIdentifier>
      <Extensions>rc;ico;cur;bmp;dlg;rc2;rct;bin;rgs;gif;jpg;jpeg;jpe;resx;tiff;tif;png;wav;mfcribbon-ms</Extensions>
    </Filter>
    <Filter Include="Header Files\Lib">
      <UniqueIdentifier>{06f24b3f-f64d-46e9-97fa-7287ee56b521}</UniqueIdentifier>
    </Filter>
    <Filter Include="Header Files\Lib\Orbiter">
      <UniqueIdentifier>{0a20fbcd-d3b4-4ace-a3b1-4c0798083918}</UniqueIdentifier>
    </Filter>
    <Filter Include="Header Files\Lib\Systems">
      <UniqueIdentifier>{014955d0-fd78-43ff-9b9c-d7ccb86e1701}</UniqueIdentifier>
    </Filter>
    <Filter Include="Source Files\Lib">
      <UniqueIdentifier>{52f0dea3-496b-4a3c-865f-6ea5f01158aa}</UniqueIdentifier>
    </Filter>
    <Filter Include="Source Files\Lib\Orbiter">
      <UniqueIdentifier>{c8619b18-89a9-4e92-9df7-b19e6ec0ab34}</UniqueIdentifier>
    </Filter>
    <Filter Include="Source Files\Lib\Systems">
      <UniqueIdentifier>{8e998b73-d72b-4efe-99a2-08ba99264d8a}</UniqueIdentifier>
    </Filter>
    <Filter Include="Header Files\Lib\PID">
      <UniqueIdentifier>{8d9b457c-4196-48d3-8807-5236f36b4c3b}</UniqueIdentifier>
    </Filter>
    <Filter Include="Source Files\Lib\PID">
      <UniqueIdentifier>{716a0edd-02d0-463d-ac67-dfad4722093d}</UniqueIdentifier>
    </Filter>
    <Filter Include="Header Files\Lib\Math">
      <UniqueIdentifier>{db466b69-2a50-429f-a984-186cde977d18}</UniqueIdentifier>
    </Filter>
    <Filter Include="Source Files\Lib\Math">
      <UniqueIdentifier>{d56a7aca-3ca6-4d76-8899-01247db37a8e}</UniqueIdentifier>
    </Filter>
  </ItemGroup>
  <ItemGroup>
    <ClInclude Include="DisplayEngUnitFunctions.h">
      <Filter>Header Files</Filter>
    </ClInclude>
    <ClInclude Include="ExportStruct.hpp">
      <Filter>Header Files</Filter>
    </ClInclude>
    <ClInclude Include="Lagrange.hpp">
      <Filter>Header Files</Filter>
    </ClInclude>
    <ClInclude Include="Lagrange_Buttons.hpp">
      <Filter>Header Files</Filter>
    </ClInclude>
    <ClInclude Include="Lagrange_DialogFunc.hpp">
      <Filter>Header Files</Filter>
    </ClInclude>
    <ClInclude Include="Lagrange_GCore.hpp">
      <Filter>Header Files</Filter>
    </ClInclude>
    <ClInclude Include="Lagrange_Interface.hpp">
      <Filter>Header Files</Filter>
    </ClInclude>
    <ClInclude Include="Lagrange_LCore.hpp">
      <Filter>Header Files</Filter>
    </ClInclude>
    <ClInclude Include="Lagrange_Universe.hpp">
      <Filter>Header Files</Filter>
    </ClInclude>
    <ClInclude Include="Lagrange_VCore.hpp">
      <Filter>Header Files</Filter>
    </ClInclude>
    <ClInclude Include="MFDButtonPage.hpp">
      <Filter>Header Files</Filter>
    </ClInclude>
    <ClInclude Include="MFDPersist.hpp">
      <Filter>Header Files</Filter>
    </ClInclude>
    <ClInclude Include="ParseFunctions.h">
      <Filter>Header Files</Filter>
    </ClInclude>
    <ClInclude Include="lib\Systems\Systems.hpp">
      <Filter>Header Files</Filter>
    </ClInclude>
    <ClInclude Include="lib\Orbiter\AutopilotRotation.hpp">
      <Filter>Header Files\Lib\Orbiter</Filter>
    </ClInclude>
    <ClInclude Include="lib\Systems\Vect3.hpp">
      <Filter>Header Files\Lib\Systems</Filter>
    </ClInclude>
    <ClInclude Include="lib\Orbiter\VesselCapabilities.hpp">
      <Filter>Header Files\Lib\Orbiter</Filter>
    </ClInclude>
    <ClInclude Include="lib\PID\PID.hpp">
      <Filter>Header Files\Lib\PID</Filter>
    </ClInclude>
    <ClInclude Include="lib\Orbiter\AngularAcc.hpp">
      <Filter>Header Files\Lib\Orbiter</Filter>
    </ClInclude>
    <ClInclude Include="lib\Math\SpaceMath.hpp">
      <Filter>Header Files\Lib\Math</Filter>
    </ClInclude>
    <ClInclude Include="lib\Math\VectorMath.hpp">
      <Filter>Header Files\Lib\Math</Filter>
    </ClInclude>
    <ClInclude Include="lib\Math\GreatCircleAdvMath.hpp">
      <Filter>Header Files\Lib\Math</Filter>
    </ClInclude>
    <ClInclude Include="lib\Math\GreatCircleMath.hpp">
      <Filter>Header Files\Lib\Math</Filter>
    </ClInclude>
    <ClInclude Include="lib\Systems\Spherical.hpp">
      <Filter>Header Files\Lib\Systems</Filter>
    </ClInclude>
    <ClInclude Include="lib\Systems\ThreeSphericals.hpp">
      <Filter>Header Files\Lib\Systems</Filter>
    </ClInclude>
    <ClInclude Include="lib\Systems\SystemsConverter.hpp">
      <Filter>Header Files\Lib\Systems</Filter>
    </ClInclude>
    <ClInclude Include="lib\Systems\Geo.hpp">
      <Filter>Header Files\Lib\Systems</Filter>
    </ClInclude>
    <ClInclude Include="lib\Systems\Point.hpp">
      <Filter>Header Files\Lib\Systems</Filter>
    </ClInclude>
    <ClInclude Include="lib\Orbiter\SpaceMathOrbiter.hpp">
      <Filter>Header Files\Lib\Orbiter</Filter>
    </ClInclude>
    <ClInclude Include="lib\Orbiter\SystemsConverterOrbiter.hpp">
      <Filter>Header Files\Lib\Orbiter</Filter>
    </ClInclude>
    <ClInclude Include="lib\PID\DerivatorDiscrete.hpp">
      <Filter>Header Files\Lib\PID</Filter>
    </ClInclude>
    <ClInclude Include="lib\PID\IntegratorDiscrete.hpp">
      <Filter>Header Files\Lib\PID</Filter>
    </ClInclude>
  </ItemGroup>
  <ItemGroup>
    <Text Include="gpl-3_0.txt">
      <Filter>Source Files</Filter>
    </Text>
  </ItemGroup>
  <ItemGroup>
    <ClCompile Include="DisplayEngUnitFunctions.cpp">
      <Filter>Source Files</Filter>
    </ClCompile>
    <ClCompile Include="Lagrange.cpp">
      <Filter>Source Files</Filter>
    </ClCompile>
    <ClCompile Include="Lagrange_ButtonHandling.cpp">
      <Filter>Source Files</Filter>
    </ClCompile>
    <ClCompile Include="Lagrange_Buttons.cpp">
      <Filter>Source Files</Filter>
    </ClCompile>
    <ClCompile Include="Lagrange_DialogFunc.cpp">
      <Filter>Source Files</Filter>
    </ClCompile>
    <ClCompile Include="Lagrange_GCore.cpp">
      <Filter>Source Files</Filter>
    </ClCompile>
    <ClCompile Include="Lagrange_Interface.cpp">
      <Filter>Source Files</Filter>
    </ClCompile>
    <ClCompile Include="Lagrange_LCore.cpp">
      <Filter>Source Files</Filter>
    </ClCompile>
    <ClCompile Include="Lagrange_MFDUpdate.cpp">
      <Filter>Source Files</Filter>
    </ClCompile>
    <ClCompile Include="Lagrange_Universe.cpp">
      <Filter>Source Files</Filter>
    </ClCompile>
    <ClCompile Include="Lagrange_VCore.cpp">
      <Filter>Source Files</Filter>
    </ClCompile>
    <ClCompile Include="MFDPersist.cpp">
      <Filter>Source Files</Filter>
    </ClCompile>
    <ClCompile Include="ParseFunctions.cpp">
      <Filter>Source Files</Filter>
    </ClCompile>
    <ClCompile Include="Lagrange_SketchpadFunctions.cpp">
      <Filter>Source Files</Filter>
    </ClCompile>
    <ClCompile Include="lib\Orbiter\AutopilotRotation.cpp">
      <Filter>Source Files\Lib\Orbiter</Filter>
    </ClCompile>
    <ClCompile Include="lib\Systems\Vect3.cpp">
      <Filter>Source Files\Lib\Systems</Filter>
    </ClCompile>
    <ClCompile Include="lib\Orbiter\VesselCapabilities.cpp">
      <Filter>Source Files\Lib\Orbiter</Filter>
    </ClCompile>
    <ClCompile Include="lib\PID\PID.cpp">
      <Filter>Source Files\Lib\PID</Filter>
    </ClCompile>
    <ClCompile Include="lib\Orbiter\AngularAcc.cpp">
      <Filter>Source Files\Lib\Orbiter</Filter>
    </ClCompile>
    <ClCompile Include="lib\Math\SpaceMath.cpp">
      <Filter>Source Files\Lib\Math</Filter>
    </ClCompile>
    <ClCompile Include="lib\Math\VectorMath.cpp">
      <Filter>Source Files\Lib\Math</Filter>
    </ClCompile>
    <ClCompile Include="lib\Math\GreatCircleAdvMath.cpp">
      <Filter>Source Files\Lib\Math</Filter>
    </ClCompile>
    <ClCompile Include="lib\Math\GreatCircleMath.cpp">
      <Filter>Source Files\Lib\Math</Filter>
    </ClCompile>
    <ClCompile Include="lib\Systems\Spherical.cpp">
      <Filter>Source Files\Lib\Systems</Filter>
    </ClCompile>
    <ClCompile Include="lib\Systems\ThreeSphericals.cpp">
      <Filter>Source Files\Lib\Systems</Filter>
    </ClCompile>
    <ClCompile Include="lib\Systems\SystemsConverter.cpp">
      <Filter>Source Files\Lib\Systems</Filter>
    </ClCompile>
    <ClCompile Include="lib\Systems\Geo.cpp">
      <Filter>Source Files\Lib\Systems</Filter>
    </ClCompile>
    <ClCompile Include="lib\Systems\Point.cpp">
      <Filter>Source Files\Lib\Systems</Filter>
    </ClCompile>
    <ClCompile Include="lib\Orbiter\SpaceMathOrbiter.cpp">
      <Filter>Source Files\Lib\Orbiter</Filter>
    </ClCompile>
    <ClCompile Include="lib\Orbiter\SystemsConverterOrbiter.cpp">
      <Filter>Source Files\Lib\Systems</Filter>
    </ClCompile>
    <ClCompile Include="lib\PID\DerivatorDiscrete.cpp">
      <Filter>Source Files\Lib\PID</Filter>
    </ClCompile>
    <ClCompile Include="lib\PID\IntegratorDiscrete.cpp">
      <Filter>Source Files\Lib\PID</Filter>
    </ClCompile>
  </ItemGroup>
  <ItemGroup>
    <None Include="ClassDiagram.cd" />
  </ItemGroup>
</Project>