<?xml version="1.0" encoding="utf-8"?>
<Project ToolsVersion="4.0" xmlns="http://schemas.microsoft.com/developer/msbuild/2003">
  <ItemGroup>
    <Filter Include="Source Files">
      <UniqueIdentifier>{4FC737F1-C7A5-4376-A066-2A32D752A2FF}</UniqueIdentifier>
      <Extensions>cpp;c;cc;cxx;def;odl;idl;hpj;bat;asm;asmx</Extensions>
    </Filter>
    <Filter Include="Header Files">
      <UniqueIdentifier>{93995380-89BD-4b04-88EB-625FBE52EBFB}</UniqueIdentifier>
      <Extensions>h;hh;hpp;hxx;hm;inl;inc;xsd</Extensions>
    </Filter>
    <Filter Include="Resource Files">
      <UniqueIdentifier>{67DA6AB6-F800-4c08-8B7A-83BB121AAD01}</UniqueIdentifier>
      <Extensions>rc;ico;cur;bmp;dlg;rc2;rct;bin;rgs;gif;jpg;jpeg;jpe;resx;tiff;tif;png;wav;mfcribbon-ms</Extensions>
    </Filter>
  </ItemGroup>
  <ItemGroup>
    <ClInclude Include="DisplayEngUnitFunctions.h">
      <Filter>Header Files</Filter>
    </ClInclude>
    <ClInclude Include="ExportStruct.hpp">
      <Filter>Header Files</Filter>
    </ClInclude>
    <ClInclude Include="Lagrange.hpp">
      <Filter>Header Files</Filter>
    </ClInclude>
    <ClInclude Include="Lagrange_Buttons.hpp">
      <Filter>Header Files</Filter>
    </ClInclude>
    <ClInclude Include="Lagrange_DialogFunc.hpp">
      <Filter>Header Files</Filter>
    </ClInclude>
    <ClInclude Include="Lagrange_GCore.hpp">
      <Filter>Header Files</Filter>
    </ClInclude>
    <ClInclude Include="Lagrange_Interface.hpp">
      <Filter>Header Files</Filter>
    </ClInclude>
    <ClInclude Include="Lagrange_LCore.hpp">
      <Filter>Header Files</Filter>
    </ClInclude>
    <ClInclude Include="Lagrange_Universe.hpp">
      <Filter>Header Files</Filter>
    </ClInclude>
    <ClInclude Include="Lagrange_VCore.hpp">
      <Filter>Header Files</Filter>
    </ClInclude>
    <ClInclude Include="MFDButtonPage.hpp">
      <Filter>Header Files</Filter>
    </ClInclude>
    <ClInclude Include="MFDPersist.hpp">
      <Filter>Header Files</Filter>
    </ClInclude>
    <ClInclude Include="ParseFunctions.h">
      <Filter>Header Files</Filter>
    </ClInclude>
    <ClInclude Include="Lagrange_AP.hpp">
      <Filter>Header Files</Filter>
    </ClInclude>
  </ItemGroup>
  <ItemGroup>
    <Text Include="gpl-3_0.txt">
      <Filter>Source Files</Filter>
    </Text>
  </ItemGroup>
  <ItemGroup>
    <ClCompile Include="DisplayEngUnitFunctions.cpp">
      <Filter>Source Files</Filter>
    </ClCompile>
    <ClCompile Include="Lagrange.cpp">
      <Filter>Source Files</Filter>
    </ClCompile>
    <ClCompile Include="Lagrange_ButtonHandling.cpp">
      <Filter>Source Files</Filter>
    </ClCompile>
    <ClCompile Include="Lagrange_Buttons.cpp">
      <Filter>Source Files</Filter>
    </ClCompile>
    <ClCompile Include="Lagrange_DialogFunc.cpp">
      <Filter>Source Files</Filter>
    </ClCompile>
    <ClCompile Include="Lagrange_GCore.cpp">
      <Filter>Source Files</Filter>
    </ClCompile>
    <ClCompile Include="Lagrange_Interface.cpp">
      <Filter>Source Files</Filter>
    </ClCompile>
    <ClCompile Include="Lagrange_LCore.cpp">
      <Filter>Source Files</Filter>
    </ClCompile>
    <ClCompile Include="Lagrange_MFDUpdate.cpp">
      <Filter>Source Files</Filter>
    </ClCompile>
    <ClCompile Include="Lagrange_Universe.cpp">
      <Filter>Source Files</Filter>
    </ClCompile>
    <ClCompile Include="Lagrange_VCore.cpp">
      <Filter>Source Files</Filter>
    </ClCompile>
    <ClCompile Include="MFDPersist.cpp">
      <Filter>Source Files</Filter>
    </ClCompile>
    <ClCompile Include="ParseFunctions.cpp">
      <Filter>Source Files</Filter>
    </ClCompile>
    <ClCompile Include="Lagrange_SketchpadFunctions.cpp">
      <Filter>Source Files</Filter>
    </ClCompile>
    <ClCompile Include="Lagrange_AP.cpp">
      <Filter>Source Files</Filter>
    </ClCompile>
  </ItemGroup>
  <ItemGroup>
    <None Include="ClassDiagram.cd" />
  </ItemGroup>
</Project>